
Microsoft Visual Studio Solution File, Format Version 12.00
# Visual Studio Version 17
VisualStudioVersion = 17.9.34701.34
MinimumVisualStudioVersion = 10.0.40219.1
Project("{FAE04EC0-301F-11D3-BF4B-00C04F79EFBC}") = "WebApplication1", "WebApplication1\WebApplication1.csproj", "{524AA637-6C4C-4549-BADE-DD54425BAFA7}"
EndProject
Global
	GlobalSection(SolutionConfigurationPlatforms) = preSolution
		Debug|Any CPU = Debug|Any CPU
		Release|Any CPU = Release|Any CPU
	EndGlobalSection
	GlobalSection(ProjectConfigurationPlatforms) = postSolution
		{524AA637-6C4C-4549-BADE-DD54425BAFA7}.Debug|Any CPU.ActiveCfg = Debug|Any CPU
		{524AA637-6C4C-4549-BADE-DD54425BAFA7}.Debug|Any CPU.Build.0 = Debug|Any CPU
		{524AA637-6C4C-4549-BADE-DD54425BAFA7}.Release|Any CPU.ActiveCfg = Release|Any CPU
		{524AA637-6C4C-4549-BADE-DD54425BAFA7}.Release|Any CPU.Build.0 = Release|Any CPU
	EndGlobalSection
	GlobalSection(SolutionProperties) = preSolution
		HideSolutionNode = FALSE
	EndGlobalSection
	GlobalSection(ExtensibilityGlobals) = postSolution
		SolutionGuid = {C65A70F9-12A7-4273-9659-B0F30710A279}
	EndGlobalSection
EndGlobal
